# THIS IS AN AUTOGENERATED FILE. DO NOT EDIT THIS FILE DIRECTLY.
# yarn lockfile v1


"@algolia/autocomplete-core@1.9.2":
  version "1.9.2"
  resolved "https://registry.yarnpkg.com/@algolia/autocomplete-core/-/autocomplete-core-1.9.2.tgz#1c9ffcfac7fc4733fe97356247b25d9d7a83538c"
  integrity sha512-hkG80c9kx9ClVAEcUJbTd2ziVC713x9Bji9Ty4XJfKXlxlsx3iXsoNhAwfeR4ulzIUg7OE5gez0UU1zVDdG7kg==
  dependencies:
    "@algolia/autocomplete-plugin-algolia-insights" "1.9.2"
    "@algolia/autocomplete-shared" "1.9.2"

"@algolia/autocomplete-plugin-algolia-insights@1.9.2":
  version "1.9.2"
  resolved "https://registry.yarnpkg.com/@algolia/autocomplete-plugin-algolia-insights/-/autocomplete-plugin-algolia-insights-1.9.2.tgz#b4672d5662acc2d0a0547d14dfbdcc70c17625de"
  integrity sha512-2LVsf4W66hVHQ3Ua/8k15oPlxjELCztbAkQm/hP42Sw+GLkHAdY1vaVRYziaWq64+Oljfg6FKkZHCdgXH+CGIA==
  dependencies:
    "@algolia/autocomplete-shared" "1.9.2"

"@algolia/autocomplete-preset-algolia@1.9.2":
  version "1.9.2"
  resolved "https://registry.yarnpkg.com/@algolia/autocomplete-preset-algolia/-/autocomplete-preset-algolia-1.9.2.tgz#a31fc9a88800ee7312cd177c738e9e4c0e0f78e8"
  integrity sha512-pqgIm2GNqtCT59Y1ICctIPrYTi34+wNPiNWEclD/yDzp5uDUUsyGe5XrUjCNyQRTKonAlmYxoaEHOn8FWgmBHA==
  dependencies:
    "@algolia/autocomplete-shared" "1.9.2"

"@algolia/autocomplete-shared@1.9.2":
  version "1.9.2"
  resolved "https://registry.yarnpkg.com/@algolia/autocomplete-shared/-/autocomplete-shared-1.9.2.tgz#b5b909377439c45774cfb91947ad8e6ebd4652c1"
  integrity sha512-XxX6YDn+7LG+SmdpXEOnj7fc3TjiVpQ0CbGhjLwrd2tYr6LVY2D4Iiu/iuYJ4shvVDWWnpwArSk0uIWC/8OPUA==

"@algolia/cache-browser-local-storage@4.14.2":
  version "4.14.2"
  resolved "https://registry.yarnpkg.com/@algolia/cache-browser-local-storage/-/cache-browser-local-storage-4.14.2.tgz#d5b1b90130ca87c6321de876e167df9ec6524936"
  integrity sha512-FRweBkK/ywO+GKYfAWbrepewQsPTIEirhi1BdykX9mxvBPtGNKccYAxvGdDCumU1jL4r3cayio4psfzKMejBlA==
  dependencies:
    "@algolia/cache-common" "4.14.2"

"@algolia/cache-common@4.14.2":
  version "4.14.2"
  resolved "https://registry.yarnpkg.com/@algolia/cache-common/-/cache-common-4.14.2.tgz#b946b6103c922f0c06006fb6929163ed2c67d598"
  integrity sha512-SbvAlG9VqNanCErr44q6lEKD2qoK4XtFNx9Qn8FK26ePCI8I9yU7pYB+eM/cZdS9SzQCRJBbHUumVr4bsQ4uxg==

"@algolia/cache-in-memory@4.14.2":
  version "4.14.2"
  resolved "https://registry.yarnpkg.com/@algolia/cache-in-memory/-/cache-in-memory-4.14.2.tgz#88e4a21474f9ac05331c2fa3ceb929684a395a24"
  integrity sha512-HrOukWoop9XB/VFojPv1R5SVXowgI56T9pmezd/djh2JnVN/vXswhXV51RKy4nCpqxyHt/aGFSq2qkDvj6KiuQ==
  dependencies:
    "@algolia/cache-common" "4.14.2"

"@algolia/client-account@4.14.2":
  version "4.14.2"
  resolved "https://registry.yarnpkg.com/@algolia/client-account/-/client-account-4.14.2.tgz#b76ac1ba9ea71e8c3f77a1805b48350dc0728a16"
  integrity sha512-WHtriQqGyibbb/Rx71YY43T0cXqyelEU0lB2QMBRXvD2X0iyeGl4qMxocgEIcbHyK7uqE7hKgjT8aBrHqhgc1w==
  dependencies:
    "@algolia/client-common" "4.14.2"
    "@algolia/client-search" "4.14.2"
    "@algolia/transporter" "4.14.2"

"@algolia/client-analytics@4.14.2":
  version "4.14.2"
  resolved "https://registry.yarnpkg.com/@algolia/client-analytics/-/client-analytics-4.14.2.tgz#ca04dcaf9a78ee5c92c5cb5e9c74cf031eb2f1fb"
  integrity sha512-yBvBv2mw+HX5a+aeR0dkvUbFZsiC4FKSnfqk9rrfX+QrlNOKEhCG0tJzjiOggRW4EcNqRmaTULIYvIzQVL2KYQ==
  dependencies:
    "@algolia/client-common" "4.14.2"
    "@algolia/client-search" "4.14.2"
    "@algolia/requester-common" "4.14.2"
    "@algolia/transporter" "4.14.2"

"@algolia/client-common@4.14.2":
  version "4.14.2"
  resolved "https://registry.yarnpkg.com/@algolia/client-common/-/client-common-4.14.2.tgz#e1324e167ffa8af60f3e8bcd122110fd0bfd1300"
  integrity sha512-43o4fslNLcktgtDMVaT5XwlzsDPzlqvqesRi4MjQz2x4/Sxm7zYg5LRYFol1BIhG6EwxKvSUq8HcC/KxJu3J0Q==
  dependencies:
    "@algolia/requester-common" "4.14.2"
    "@algolia/transporter" "4.14.2"

"@algolia/client-personalization@4.14.2":
  version "4.14.2"
  resolved "https://registry.yarnpkg.com/@algolia/client-personalization/-/client-personalization-4.14.2.tgz#656bbb6157a3dd1a4be7de65e457fda136c404ec"
  integrity sha512-ACCoLi0cL8CBZ1W/2juehSltrw2iqsQBnfiu/Rbl9W2yE6o2ZUb97+sqN/jBqYNQBS+o0ekTMKNkQjHHAcEXNw==
  dependencies:
    "@algolia/client-common" "4.14.2"
    "@algolia/requester-common" "4.14.2"
    "@algolia/transporter" "4.14.2"

"@algolia/client-search@4.14.2":
  version "4.14.2"
  resolved "https://registry.yarnpkg.com/@algolia/client-search/-/client-search-4.14.2.tgz#357bdb7e640163f0e33bad231dfcc21f67dc2e92"
  integrity sha512-L5zScdOmcZ6NGiVbLKTvP02UbxZ0njd5Vq9nJAmPFtjffUSOGEp11BmD2oMJ5QvARgx2XbX4KzTTNS5ECYIMWw==
  dependencies:
    "@algolia/client-common" "4.14.2"
    "@algolia/requester-common" "4.14.2"
    "@algolia/transporter" "4.14.2"

"@algolia/logger-common@4.14.2":
  version "4.14.2"
  resolved "https://registry.yarnpkg.com/@algolia/logger-common/-/logger-common-4.14.2.tgz#b74b3a92431f92665519d95942c246793ec390ee"
  integrity sha512-/JGlYvdV++IcMHBnVFsqEisTiOeEr6cUJtpjz8zc0A9c31JrtLm318Njc72p14Pnkw3A/5lHHh+QxpJ6WFTmsA==

"@algolia/logger-console@4.14.2":
  version "4.14.2"
  resolved "https://registry.yarnpkg.com/@algolia/logger-console/-/logger-console-4.14.2.tgz#ec49cb47408f5811d4792598683923a800abce7b"
  integrity sha512-8S2PlpdshbkwlLCSAB5f8c91xyc84VM9Ar9EdfE9UmX+NrKNYnWR1maXXVDQQoto07G1Ol/tYFnFVhUZq0xV/g==
  dependencies:
    "@algolia/logger-common" "4.14.2"

"@algolia/requester-browser-xhr@4.14.2":
  version "4.14.2"
  resolved "https://registry.yarnpkg.com/@algolia/requester-browser-xhr/-/requester-browser-xhr-4.14.2.tgz#a2cd4d9d8d90d53109cc7f3682dc6ebf20f798f2"
  integrity sha512-CEh//xYz/WfxHFh7pcMjQNWgpl4wFB85lUMRyVwaDPibNzQRVcV33YS+63fShFWc2+42YEipFGH2iPzlpszmDw==
  dependencies:
    "@algolia/requester-common" "4.14.2"

"@algolia/requester-common@4.14.2":
  version "4.14.2"
  resolved "https://registry.yarnpkg.com/@algolia/requester-common/-/requester-common-4.14.2.tgz#bc4e9e5ee16c953c0ecacbfb334a33c30c28b1a1"
  integrity sha512-73YQsBOKa5fvVV3My7iZHu1sUqmjjfs9TteFWwPwDmnad7T0VTCopttcsM3OjLxZFtBnX61Xxl2T2gmG2O4ehg==

"@algolia/requester-node-http@4.14.2":
  version "4.14.2"
  resolved "https://registry.yarnpkg.com/@algolia/requester-node-http/-/requester-node-http-4.14.2.tgz#7c1223a1785decaab1def64c83dade6bea45e115"
  integrity sha512-oDbb02kd1o5GTEld4pETlPZLY0e+gOSWjWMJHWTgDXbv9rm/o2cF7japO6Vj1ENnrqWvLBmW1OzV9g6FUFhFXg==
  dependencies:
    "@algolia/requester-common" "4.14.2"

"@algolia/transporter@4.14.2":
  version "4.14.2"
  resolved "https://registry.yarnpkg.com/@algolia/transporter/-/transporter-4.14.2.tgz#77c069047fb1a4359ee6a51f51829508e44a1e3d"
  integrity sha512-t89dfQb2T9MFQHidjHcfhh6iGMNwvuKUvojAj+JsrHAGbuSy7yE4BylhLX6R0Q1xYRoC4Vvv+O5qIw/LdnQfsQ==
  dependencies:
    "@algolia/cache-common" "4.14.2"
    "@algolia/logger-common" "4.14.2"
    "@algolia/requester-common" "4.14.2"

"@babel/parser@^7.16.4":
  version "7.19.3"
  resolved "https://registry.yarnpkg.com/@babel/parser/-/parser-7.19.3.tgz#8dd36d17c53ff347f9e55c328710321b49479a9a"
  integrity sha512-pJ9xOlNWHiy9+FuFP09DEAFbAn4JskgRsVcc169w2xRBC3FRGuQEwjeIMMND9L2zc0iEhO/tGv4Zq+km+hxNpQ==

"@babel/parser@^7.20.15", "@babel/parser@^7.21.3":
  version "7.22.5"
  resolved "https://registry.yarnpkg.com/@babel/parser/-/parser-7.22.5.tgz#721fd042f3ce1896238cf1b341c77eb7dee7dbea"
  integrity sha512-DFZMC9LJUG9PLOclRC32G63UXwzqS2koQC8dkx+PLdmt1xSePYpbT/NbsrJy8Q/muXz7o/h/d4A7Fuyixm559Q==

"@docsearch/css@3.5.0", "@docsearch/css@^3.5.0":
  version "3.5.0"
  resolved "https://registry.yarnpkg.com/@docsearch/css/-/css-3.5.0.tgz#5f6cb94a7c40122b21621c30a4b2460bd42d7dd0"
  integrity sha512-Ob5FQLubplcBNihAVtriR59FRBeP8u69F6mu4L4yIr60KfsPc10bOV0DoPErJw0zF9IBN2cNLW9qdmt8zWPxyg==

"@docsearch/js@^3.5.0":
  version "3.5.0"
  resolved "https://registry.yarnpkg.com/@docsearch/js/-/js-3.5.0.tgz#870ba9322e1c917d4c2c27fa7051641379c89817"
  integrity sha512-WqB+z+zVKSXDkGq028nClT9RvMzfFlemZuIulX5ZwWkdUtl4k7M9cmZA/c6kuZf7FG24XQsMHWuBjeUo9hLRyA==
  dependencies:
    "@docsearch/react" "3.5.0"
    preact "^10.0.0"

"@docsearch/react@3.5.0":
  version "3.5.0"
  resolved "https://registry.yarnpkg.com/@docsearch/react/-/react-3.5.0.tgz#2468fa67dea86e4ef2935754a3453e01d850c56f"
  integrity sha512-3IG8mmSMzSHNGy2S1VuPyYU9tFCxFpj5Ov8SYwsSHM4yMvFsaO9oFxXocA5lSenliIELhuOuS5+BdxHa/Qlf2A==
  dependencies:
    "@algolia/autocomplete-core" "1.9.2"
    "@algolia/autocomplete-preset-algolia" "1.9.2"
    "@docsearch/css" "3.5.0"
    algoliasearch "^4.0.0"

"@esbuild/android-arm64@0.18.20":
  version "0.18.20"
  resolved "https://registry.yarnpkg.com/@esbuild/android-arm64/-/android-arm64-0.18.20.tgz#984b4f9c8d0377443cc2dfcef266d02244593622"
  integrity sha512-Nz4rJcchGDtENV0eMKUNa6L12zz2zBDXuhj/Vjh18zGqB44Bi7MBMSXjgunJgjRhCmKOjnPuZp4Mb6OKqtMHLQ==

"@esbuild/android-arm@0.18.20":
  version "0.18.20"
  resolved "https://registry.yarnpkg.com/@esbuild/android-arm/-/android-arm-0.18.20.tgz#fedb265bc3a589c84cc11f810804f234947c3682"
  integrity sha512-fyi7TDI/ijKKNZTUJAQqiG5T7YjJXgnzkURqmGj13C6dCqckZBLdl4h7bkhHt/t0WP+zO9/zwroDvANaOqO5Sw==

"@esbuild/android-x64@0.18.20":
  version "0.18.20"
  resolved "https://registry.yarnpkg.com/@esbuild/android-x64/-/android-x64-0.18.20.tgz#35cf419c4cfc8babe8893d296cd990e9e9f756f2"
  integrity sha512-8GDdlePJA8D6zlZYJV/jnrRAi6rOiNaCC/JclcXpB+KIuvfBN4owLtgzY2bsxnx666XjJx2kDPUmnTtR8qKQUg==

"@esbuild/darwin-arm64@0.18.20":
  version "0.18.20"
  resolved "https://registry.yarnpkg.com/@esbuild/darwin-arm64/-/darwin-arm64-0.18.20.tgz#08172cbeccf95fbc383399a7f39cfbddaeb0d7c1"
  integrity sha512-bxRHW5kHU38zS2lPTPOyuyTm+S+eobPUnTNkdJEfAddYgEcll4xkT8DB9d2008DtTbl7uJag2HuE5NZAZgnNEA==

"@esbuild/darwin-x64@0.18.20":
  version "0.18.20"
  resolved "https://registry.yarnpkg.com/@esbuild/darwin-x64/-/darwin-x64-0.18.20.tgz#d70d5790d8bf475556b67d0f8b7c5bdff053d85d"
  integrity sha512-pc5gxlMDxzm513qPGbCbDukOdsGtKhfxD1zJKXjCCcU7ju50O7MeAZ8c4krSJcOIJGFR+qx21yMMVYwiQvyTyQ==

"@esbuild/freebsd-arm64@0.18.20":
  version "0.18.20"
  resolved "https://registry.yarnpkg.com/@esbuild/freebsd-arm64/-/freebsd-arm64-0.18.20.tgz#98755cd12707f93f210e2494d6a4b51b96977f54"
  integrity sha512-yqDQHy4QHevpMAaxhhIwYPMv1NECwOvIpGCZkECn8w2WFHXjEwrBn3CeNIYsibZ/iZEUemj++M26W3cNR5h+Tw==

"@esbuild/freebsd-x64@0.18.20":
  version "0.18.20"
  resolved "https://registry.yarnpkg.com/@esbuild/freebsd-x64/-/freebsd-x64-0.18.20.tgz#c1eb2bff03915f87c29cece4c1a7fa1f423b066e"
  integrity sha512-tgWRPPuQsd3RmBZwarGVHZQvtzfEBOreNuxEMKFcd5DaDn2PbBxfwLcj4+aenoh7ctXcbXmOQIn8HI6mCSw5MQ==

"@esbuild/linux-arm64@0.18.20":
  version "0.18.20"
  resolved "https://registry.yarnpkg.com/@esbuild/linux-arm64/-/linux-arm64-0.18.20.tgz#bad4238bd8f4fc25b5a021280c770ab5fc3a02a0"
  integrity sha512-2YbscF+UL7SQAVIpnWvYwM+3LskyDmPhe31pE7/aoTMFKKzIc9lLbyGUpmmb8a8AixOL61sQ/mFh3jEjHYFvdA==

"@esbuild/linux-arm@0.18.20":
  version "0.18.20"
  resolved "https://registry.yarnpkg.com/@esbuild/linux-arm/-/linux-arm-0.18.20.tgz#3e617c61f33508a27150ee417543c8ab5acc73b0"
  integrity sha512-/5bHkMWnq1EgKr1V+Ybz3s1hWXok7mDFUMQ4cG10AfW3wL02PSZi5kFpYKrptDsgb2WAJIvRcDm+qIvXf/apvg==

"@esbuild/linux-ia32@0.18.20":
  version "0.18.20"
  resolved "https://registry.yarnpkg.com/@esbuild/linux-ia32/-/linux-ia32-0.18.20.tgz#699391cccba9aee6019b7f9892eb99219f1570a7"
  integrity sha512-P4etWwq6IsReT0E1KHU40bOnzMHoH73aXp96Fs8TIT6z9Hu8G6+0SHSw9i2isWrD2nbx2qo5yUqACgdfVGx7TA==

"@esbuild/linux-loong64@0.18.20":
  version "0.18.20"
  resolved "https://registry.yarnpkg.com/@esbuild/linux-loong64/-/linux-loong64-0.18.20.tgz#e6fccb7aac178dd2ffb9860465ac89d7f23b977d"
  integrity sha512-nXW8nqBTrOpDLPgPY9uV+/1DjxoQ7DoB2N8eocyq8I9XuqJ7BiAMDMf9n1xZM9TgW0J8zrquIb/A7s3BJv7rjg==

"@esbuild/linux-mips64el@0.18.20":
  version "0.18.20"
  resolved "https://registry.yarnpkg.com/@esbuild/linux-mips64el/-/linux-mips64el-0.18.20.tgz#eeff3a937de9c2310de30622a957ad1bd9183231"
  integrity sha512-d5NeaXZcHp8PzYy5VnXV3VSd2D328Zb+9dEq5HE6bw6+N86JVPExrA6O68OPwobntbNJ0pzCpUFZTo3w0GyetQ==

"@esbuild/linux-ppc64@0.18.20":
  version "0.18.20"
  resolved "https://registry.yarnpkg.com/@esbuild/linux-ppc64/-/linux-ppc64-0.18.20.tgz#2f7156bde20b01527993e6881435ad79ba9599fb"
  integrity sha512-WHPyeScRNcmANnLQkq6AfyXRFr5D6N2sKgkFo2FqguP44Nw2eyDlbTdZwd9GYk98DZG9QItIiTlFLHJHjxP3FA==

"@esbuild/linux-riscv64@0.18.20":
  version "0.18.20"
  resolved "https://registry.yarnpkg.com/@esbuild/linux-riscv64/-/linux-riscv64-0.18.20.tgz#6628389f210123d8b4743045af8caa7d4ddfc7a6"
  integrity sha512-WSxo6h5ecI5XH34KC7w5veNnKkju3zBRLEQNY7mv5mtBmrP/MjNBCAlsM2u5hDBlS3NGcTQpoBvRzqBcRtpq1A==

"@esbuild/linux-s390x@0.18.20":
  version "0.18.20"
  resolved "https://registry.yarnpkg.com/@esbuild/linux-s390x/-/linux-s390x-0.18.20.tgz#255e81fb289b101026131858ab99fba63dcf0071"
  integrity sha512-+8231GMs3mAEth6Ja1iK0a1sQ3ohfcpzpRLH8uuc5/KVDFneH6jtAJLFGafpzpMRO6DzJ6AvXKze9LfFMrIHVQ==

"@esbuild/linux-x64@0.18.20":
  version "0.18.20"
  resolved "https://registry.yarnpkg.com/@esbuild/linux-x64/-/linux-x64-0.18.20.tgz#c7690b3417af318a9b6f96df3031a8865176d338"
  integrity sha512-UYqiqemphJcNsFEskc73jQ7B9jgwjWrSayxawS6UVFZGWrAAtkzjxSqnoclCXxWtfwLdzU+vTpcNYhpn43uP1w==

"@esbuild/netbsd-x64@0.18.20":
  version "0.18.20"
  resolved "https://registry.yarnpkg.com/@esbuild/netbsd-x64/-/netbsd-x64-0.18.20.tgz#30e8cd8a3dded63975e2df2438ca109601ebe0d1"
  integrity sha512-iO1c++VP6xUBUmltHZoMtCUdPlnPGdBom6IrO4gyKPFFVBKioIImVooR5I83nTew5UOYrk3gIJhbZh8X44y06A==

"@esbuild/openbsd-x64@0.18.20":
  version "0.18.20"
  resolved "https://registry.yarnpkg.com/@esbuild/openbsd-x64/-/openbsd-x64-0.18.20.tgz#7812af31b205055874c8082ea9cf9ab0da6217ae"
  integrity sha512-e5e4YSsuQfX4cxcygw/UCPIEP6wbIL+se3sxPdCiMbFLBWu0eiZOJ7WoD+ptCLrmjZBK1Wk7I6D/I3NglUGOxg==

"@esbuild/sunos-x64@0.18.20":
  version "0.18.20"
  resolved "https://registry.yarnpkg.com/@esbuild/sunos-x64/-/sunos-x64-0.18.20.tgz#d5c275c3b4e73c9b0ecd38d1ca62c020f887ab9d"
  integrity sha512-kDbFRFp0YpTQVVrqUd5FTYmWo45zGaXe0X8E1G/LKFC0v8x0vWrhOWSLITcCn63lmZIxfOMXtCfti/RxN/0wnQ==

"@esbuild/win32-arm64@0.18.20":
  version "0.18.20"
  resolved "https://registry.yarnpkg.com/@esbuild/win32-arm64/-/win32-arm64-0.18.20.tgz#73bc7f5a9f8a77805f357fab97f290d0e4820ac9"
  integrity sha512-ddYFR6ItYgoaq4v4JmQQaAI5s7npztfV4Ag6NrhiaW0RrnOXqBkgwZLofVTlq1daVTQNhtI5oieTvkRPfZrePg==

"@esbuild/win32-ia32@0.18.20":
  version "0.18.20"
  resolved "https://registry.yarnpkg.com/@esbuild/win32-ia32/-/win32-ia32-0.18.20.tgz#ec93cbf0ef1085cc12e71e0d661d20569ff42102"
  integrity sha512-Wv7QBi3ID/rROT08SABTS7eV4hX26sVduqDOTe1MvGMjNd3EjOz4b7zeexIR62GTIEKrfJXKL9LFxTYgkyeu7g==

"@esbuild/win32-x64@0.18.20":
  version "0.18.20"
  resolved "https://registry.yarnpkg.com/@esbuild/win32-x64/-/win32-x64-0.18.20.tgz#786c5f41f043b07afb1af37683d7c33668858f6d"
  integrity sha512-kTdfRcSiDfQca/y9QIkng02avJ+NCaQvrMejlsB3RRv5sE9rRoeBPISaZpKxHELzRxZyLvNts1P27W3wV+8geQ==

"@jridgewell/sourcemap-codec@^1.4.13":
  version "1.4.15"
  resolved "https://registry.yarnpkg.com/@jridgewell/sourcemap-codec/-/sourcemap-codec-1.4.15.tgz#d7c6e6755c78567a951e04ab52ef0fd26de59f32"
  integrity sha512-eF2rxCRulEKXHTRiDrDy6erMYWqNw4LPdQ8UQA4huuxaQsVeRPFl2oM8oDGxMFhJUWZf9McpLtJasDDZb/Bpeg==

"@types/node@^18.7.23":
  version "18.7.23"
  resolved "https://registry.yarnpkg.com/@types/node/-/node-18.7.23.tgz#75c580983846181ebe5f4abc40fe9dfb2d65665f"
  integrity sha512-DWNcCHolDq0ZKGizjx2DZjR/PqsYwAcYUJmfMWqtVU2MBMG5Mo+xFZrhGId5r/O5HOuMPyQEcM6KUBp5lBZZBg==

"@types/web-bluetooth@^0.0.17":
  version "0.0.17"
  resolved "https://registry.yarnpkg.com/@types/web-bluetooth/-/web-bluetooth-0.0.17.tgz#5c9f3c617f64a9735d7b72a7cc671e166d900c40"
  integrity sha512-4p9vcSmxAayx72yn70joFoL44c9MO/0+iVEBIQXe3v2h2SiAsEIo/G5v6ObFWvNKRFjbrVadNf9LqEEZeQPzdA==

"@vitejs/plugin-vue@^4.2.3":
  version "4.2.3"
  resolved "https://registry.yarnpkg.com/@vitejs/plugin-vue/-/plugin-vue-4.2.3.tgz#ee0b6dfcc62fe65364e6395bf38fa2ba10bb44b6"
  integrity sha512-R6JDUfiZbJA9cMiguQ7jxALsgiprjBeHL5ikpXfJCH62pPHtI+JdJ5xWj6Ev73yXSlYl86+blXn1kZHQ7uElxw==

"@vue/compiler-core@3.2.40":
  version "3.2.40"
  resolved "https://registry.yarnpkg.com/@vue/compiler-core/-/compiler-core-3.2.40.tgz#c785501f09536748121e937fb87605bbb1ada8e5"
  integrity sha512-2Dc3Stk0J/VyQ4OUr2yEC53kU28614lZS+bnrCbFSAIftBJ40g/2yQzf4mPBiFuqguMB7hyHaujdgZAQ67kZYA==
  dependencies:
    "@babel/parser" "^7.16.4"
    "@vue/shared" "3.2.40"
    estree-walker "^2.0.2"
    source-map "^0.6.1"

"@vue/compiler-core@3.3.4":
  version "3.3.4"
  resolved "https://registry.yarnpkg.com/@vue/compiler-core/-/compiler-core-3.3.4.tgz#7fbf591c1c19e1acd28ffd284526e98b4f581128"
  integrity sha512-cquyDNvZ6jTbf/+x+AgM2Arrp6G4Dzbb0R64jiG804HRMfRiFXWI6kqUVqZ6ZR0bQhIoQjB4+2bhNtVwndW15g==
  dependencies:
    "@babel/parser" "^7.21.3"
    "@vue/shared" "3.3.4"
    estree-walker "^2.0.2"
    source-map-js "^1.0.2"

"@vue/compiler-dom@3.2.40":
  version "3.2.40"
  resolved "https://registry.yarnpkg.com/@vue/compiler-dom/-/compiler-dom-3.2.40.tgz#c225418773774db536174d30d3f25ba42a33e7e4"
  integrity sha512-OZCNyYVC2LQJy4H7h0o28rtk+4v+HMQygRTpmibGoG9wZyomQiS5otU7qo3Wlq5UfHDw2RFwxb9BJgKjVpjrQw==
  dependencies:
    "@vue/compiler-core" "3.2.40"
    "@vue/shared" "3.2.40"

"@vue/compiler-dom@3.3.4":
  version "3.3.4"
  resolved "https://registry.yarnpkg.com/@vue/compiler-dom/-/compiler-dom-3.3.4.tgz#f56e09b5f4d7dc350f981784de9713d823341151"
  integrity sha512-wyM+OjOVpuUukIq6p5+nwHYtj9cFroz9cwkfmP9O1nzH68BenTTv0u7/ndggT8cIQlnBeOo6sUT/gvHcIkLA5w==
  dependencies:
    "@vue/compiler-core" "3.3.4"
    "@vue/shared" "3.3.4"

"@vue/compiler-sfc@3.2.40":
  version "3.2.40"
  resolved "https://registry.yarnpkg.com/@vue/compiler-sfc/-/compiler-sfc-3.2.40.tgz#61823283efc84d25d9d2989458f305d32a2ed141"
  integrity sha512-tzqwniIN1fu1PDHC3CpqY/dPCfN/RN1thpBC+g69kJcrl7mbGiHKNwbA6kJ3XKKy8R6JLKqcpVugqN4HkeBFFg==
  dependencies:
    "@babel/parser" "^7.16.4"
    "@vue/compiler-core" "3.2.40"
    "@vue/compiler-dom" "3.2.40"
    "@vue/compiler-ssr" "3.2.40"
    "@vue/reactivity-transform" "3.2.40"
    "@vue/shared" "3.2.40"
    estree-walker "^2.0.2"
    magic-string "^0.25.7"
    postcss "^8.1.10"
    source-map "^0.6.1"

"@vue/compiler-sfc@3.3.4":
  version "3.3.4"
  resolved "https://registry.yarnpkg.com/@vue/compiler-sfc/-/compiler-sfc-3.3.4.tgz#b19d942c71938893535b46226d602720593001df"
  integrity sha512-6y/d8uw+5TkCuzBkgLS0v3lSM3hJDntFEiUORM11pQ/hKvkhSKZrXW6i69UyXlJQisJxuUEJKAWEqWbWsLeNKQ==
  dependencies:
    "@babel/parser" "^7.20.15"
    "@vue/compiler-core" "3.3.4"
    "@vue/compiler-dom" "3.3.4"
    "@vue/compiler-ssr" "3.3.4"
    "@vue/reactivity-transform" "3.3.4"
    "@vue/shared" "3.3.4"
    estree-walker "^2.0.2"
    magic-string "^0.30.0"
    postcss "^8.1.10"
    source-map-js "^1.0.2"

"@vue/compiler-ssr@3.2.40":
  version "3.2.40"
  resolved "https://registry.yarnpkg.com/@vue/compiler-ssr/-/compiler-ssr-3.2.40.tgz#67df95a096c63e9ec4b50b84cc6f05816793629c"
  integrity sha512-80cQcgasKjrPPuKcxwuCx7feq+wC6oFl5YaKSee9pV3DNq+6fmCVwEEC3vvkf/E2aI76rIJSOYHsWSEIxK74oQ==
  dependencies:
    "@vue/compiler-dom" "3.2.40"
    "@vue/shared" "3.2.40"

"@vue/compiler-ssr@3.3.4":
  version "3.3.4"
  resolved "https://registry.yarnpkg.com/@vue/compiler-ssr/-/compiler-ssr-3.3.4.tgz#9d1379abffa4f2b0cd844174ceec4a9721138777"
  integrity sha512-m0v6oKpup2nMSehwA6Uuu+j+wEwcy7QmwMkVNVfrV9P2qE5KshC6RwOCq8fjGS/Eak/uNb8AaWekfiXxbBB6gQ==
  dependencies:
    "@vue/compiler-dom" "3.3.4"
    "@vue/shared" "3.3.4"

"@vue/devtools-api@^6.5.0":
  version "6.5.0"
  resolved "https://registry.yarnpkg.com/@vue/devtools-api/-/devtools-api-6.5.0.tgz#98b99425edee70b4c992692628fa1ea2c1e57d07"
  integrity sha512-o9KfBeaBmCKl10usN4crU53fYtC1r7jJwdGKjPT24t348rHxgfpZ0xL3Xm/gLUYnc0oTp8LAmrxOeLyu6tbk2Q==

"@vue/reactivity-transform@3.2.40":
  version "3.2.40"
  resolved "https://registry.yarnpkg.com/@vue/reactivity-transform/-/reactivity-transform-3.2.40.tgz#dc24b9074b26f0d9dd2034c6349f5bb2a51c86ac"
  integrity sha512-HQUCVwEaacq6fGEsg2NUuGKIhUveMCjOk8jGHqLXPI2w6zFoPrlQhwWEaINTv5kkZDXKEnCijAp+4gNEHG03yw==
  dependencies:
    "@babel/parser" "^7.16.4"
    "@vue/compiler-core" "3.2.40"
    "@vue/shared" "3.2.40"
    estree-walker "^2.0.2"
    magic-string "^0.25.7"

"@vue/reactivity-transform@3.3.4":
  version "3.3.4"
  resolved "https://registry.yarnpkg.com/@vue/reactivity-transform/-/reactivity-transform-3.3.4.tgz#52908476e34d6a65c6c21cd2722d41ed8ae51929"
  integrity sha512-MXgwjako4nu5WFLAjpBnCj/ieqcjE2aJBINUNQzkZQfzIZA4xn+0fV1tIYBJvvva3N3OvKGofRLvQIwEQPpaXw==
  dependencies:
    "@babel/parser" "^7.20.15"
    "@vue/compiler-core" "3.3.4"
    "@vue/shared" "3.3.4"
    estree-walker "^2.0.2"
    magic-string "^0.30.0"

"@vue/reactivity@3.2.40":
  version "3.2.40"
  resolved "https://registry.yarnpkg.com/@vue/reactivity/-/reactivity-3.2.40.tgz#ae65496f5b364e4e481c426f391568ed7d133cca"
  integrity sha512-N9qgGLlZmtUBMHF9xDT4EkD9RdXde1Xbveb+niWMXuHVWQP5BzgRmE3SFyUBBcyayG4y1lhoz+lphGRRxxK4RA==
  dependencies:
    "@vue/shared" "3.2.40"

"@vue/reactivity@3.3.4":
  version "3.3.4"
  resolved "https://registry.yarnpkg.com/@vue/reactivity/-/reactivity-3.3.4.tgz#a27a29c6cd17faba5a0e99fbb86ee951653e2253"
  integrity sha512-kLTDLwd0B1jG08NBF3R5rqULtv/f8x3rOFByTDz4J53ttIQEDmALqKqXY0J+XQeN0aV2FBxY8nJDf88yvOPAqQ==
  dependencies:
    "@vue/shared" "3.3.4"

"@vue/runtime-core@3.2.40":
  version "3.2.40"
  resolved "https://registry.yarnpkg.com/@vue/runtime-core/-/runtime-core-3.2.40.tgz#e814358bf1b0ff6d4a6b4f8f62d9f341964fb275"
  integrity sha512-U1+rWf0H8xK8aBUZhnrN97yoZfHbjgw/bGUzfgKPJl69/mXDuSg8CbdBYBn6VVQdR947vWneQBFzdhasyzMUKg==
  dependencies:
    "@vue/reactivity" "3.2.40"
    "@vue/shared" "3.2.40"

"@vue/runtime-core@3.3.4":
  version "3.3.4"
  resolved "https://registry.yarnpkg.com/@vue/runtime-core/-/runtime-core-3.3.4.tgz#4bb33872bbb583721b340f3088888394195967d1"
  integrity sha512-R+bqxMN6pWO7zGI4OMlmvePOdP2c93GsHFM/siJI7O2nxFRzj55pLwkpCedEY+bTMgp5miZ8CxfIZo3S+gFqvA==
  dependencies:
    "@vue/reactivity" "3.3.4"
    "@vue/shared" "3.3.4"

"@vue/runtime-dom@3.2.40":
  version "3.2.40"
  resolved "https://registry.yarnpkg.com/@vue/runtime-dom/-/runtime-dom-3.2.40.tgz#975119feac5ab703aa9bbbf37c9cc966602c8eab"
  integrity sha512-AO2HMQ+0s2+MCec8hXAhxMgWhFhOPJ/CyRXnmTJ6XIOnJFLrH5Iq3TNwvVcODGR295jy77I6dWPj+wvFoSYaww==
  dependencies:
    "@vue/runtime-core" "3.2.40"
    "@vue/shared" "3.2.40"
    csstype "^2.6.8"

"@vue/runtime-dom@3.3.4":
  version "3.3.4"
  resolved "https://registry.yarnpkg.com/@vue/runtime-dom/-/runtime-dom-3.3.4.tgz#992f2579d0ed6ce961f47bbe9bfe4b6791251566"
  integrity sha512-Aj5bTJ3u5sFsUckRghsNjVTtxZQ1OyMWCr5dZRAPijF/0Vy4xEoRCwLyHXcj4D0UFbJ4lbx3gPTgg06K/GnPnQ==
  dependencies:
    "@vue/runtime-core" "3.3.4"
    "@vue/shared" "3.3.4"
    csstype "^3.1.1"

"@vue/server-renderer@3.2.40":
  version "3.2.40"
  resolved "https://registry.yarnpkg.com/@vue/server-renderer/-/server-renderer-3.2.40.tgz#55eaac31f7105c3907e1895129bf4efb6b0ce393"
  integrity sha512-gtUcpRwrXOJPJ4qyBpU3EyxQa4EkV8I4f8VrDePcGCPe4O/hd0BPS7v9OgjIQob6Ap8VDz9G+mGTKazE45/95w==
  dependencies:
    "@vue/compiler-ssr" "3.2.40"
    "@vue/shared" "3.2.40"

"@vue/server-renderer@3.3.4":
  version "3.3.4"
  resolved "https://registry.yarnpkg.com/@vue/server-renderer/-/server-renderer-3.3.4.tgz#ea46594b795d1536f29bc592dd0f6655f7ea4c4c"
  integrity sha512-Q6jDDzR23ViIb67v+vM1Dqntu+HUexQcsWKhhQa4ARVzxOY2HbC7QRW/ggkDBd5BU+uM1sV6XOAP0b216o34JQ==
  dependencies:
    "@vue/compiler-ssr" "3.3.4"
    "@vue/shared" "3.3.4"

"@vue/shared@3.2.40":
  version "3.2.40"
  resolved "https://registry.yarnpkg.com/@vue/shared/-/shared-3.2.40.tgz#e57799da2a930b975321981fcee3d1e90ed257ae"
  integrity sha512-0PLQ6RUtZM0vO3teRfzGi4ltLUO5aO+kLgwh4Um3THSR03rpQWLTuRCkuO5A41ITzwdWeKdPHtSARuPkoo5pCQ==

"@vue/shared@3.3.4":
  version "3.3.4"
  resolved "https://registry.yarnpkg.com/@vue/shared/-/shared-3.3.4.tgz#06e83c5027f464eef861c329be81454bc8b70780"
  integrity sha512-7OjdcV8vQ74eiz1TZLzZP4JwqM5fA94K6yntPS5Z25r9HDuGNzaGdgvwKYq6S+MxwF0TFRwe50fIR/MYnakdkQ==

"@vueuse/core@10.1.2", "@vueuse/core@^10.1.2":
  version "10.1.2"
  resolved "https://registry.yarnpkg.com/@vueuse/core/-/core-10.1.2.tgz#2499eadec36c5d7109338e3a2b73725040ae8011"
  integrity sha512-roNn8WuerI56A5uiTyF/TEYX0Y+VKlhZAF94unUfdhbDUI+NfwQMn4FUnUscIRUhv3344qvAghopU4bzLPNFlA==
  dependencies:
    "@types/web-bluetooth" "^0.0.17"
    "@vueuse/metadata" "10.1.2"
    "@vueuse/shared" "10.1.2"
    vue-demi ">=0.14.0"

"@vueuse/integrations@^10.1.2":
  version "10.1.2"
  resolved "https://registry.yarnpkg.com/@vueuse/integrations/-/integrations-10.1.2.tgz#e318ed2cec87711b2a110dceca2150d7fe1452d0"
  integrity sha512-wUpG3Wv6LiWerOwCzOAM0iGhNQ4vfFUTkhj/xQy7TLXduh2M3D8N08aS0KqlxsejY6R8NLxydDIM+68QfHZZ8Q==
  dependencies:
    "@vueuse/core" "10.1.2"
    "@vueuse/shared" "10.1.2"
    vue-demi ">=0.14.0"

"@vueuse/metadata@10.1.2":
  version "10.1.2"
  resolved "https://registry.yarnpkg.com/@vueuse/metadata/-/metadata-10.1.2.tgz#d8ffe557b1042efd03a0aa88540a00c25d193ee3"
  integrity sha512-3mc5BqN9aU2SqBeBuWE7ne4OtXHoHKggNgxZR2K+zIW4YLsy6xoZ4/9vErQs6tvoKDX6QAqm3lvsrv0mczAwIQ==

"@vueuse/shared@10.1.2":
  version "10.1.2"
  resolved "https://registry.yarnpkg.com/@vueuse/shared/-/shared-10.1.2.tgz#31d8733a217a6396eb67706319133bf62cdd8baa"
  integrity sha512-1uoUTPBlgyscK9v6ScGeVYDDzlPSFXBlxuK7SfrDGyUTBiznb3mNceqhwvZHjtDRELZEN79V5uWPTF1VDV8svA==
  dependencies:
    vue-demi ">=0.14.0"

algoliasearch@^4.0.0:
  version "4.14.2"
  resolved "https://registry.yarnpkg.com/algoliasearch/-/algoliasearch-4.14.2.tgz#63f142583bfc3a9bd3cd4a1b098bf6fe58e56f6c"
  integrity sha512-ngbEQonGEmf8dyEh5f+uOIihv4176dgbuOZspiuhmTTBRBuzWu3KCGHre6uHj5YyuC7pNvQGzB6ZNJyZi0z+Sg==
  dependencies:
    "@algolia/cache-browser-local-storage" "4.14.2"
    "@algolia/cache-common" "4.14.2"
    "@algolia/cache-in-memory" "4.14.2"
    "@algolia/client-account" "4.14.2"
    "@algolia/client-analytics" "4.14.2"
    "@algolia/client-common" "4.14.2"
    "@algolia/client-personalization" "4.14.2"
    "@algolia/client-search" "4.14.2"
    "@algolia/logger-common" "4.14.2"
    "@algolia/logger-console" "4.14.2"
    "@algolia/requester-browser-xhr" "4.14.2"
    "@algolia/requester-common" "4.14.2"
    "@algolia/requester-node-http" "4.14.2"
    "@algolia/transporter" "4.14.2"

ansi-sequence-parser@^1.1.0:
  version "1.1.0"
  resolved "https://registry.yarnpkg.com/ansi-sequence-parser/-/ansi-sequence-parser-1.1.0.tgz#4d790f31236ac20366b23b3916b789e1bde39aed"
  integrity sha512-lEm8mt52to2fT8GhciPCGeCXACSz2UwIN4X2e2LJSnZ5uAbn2/dsYdOmUXq0AtWS5cpAupysIneExOgH0Vd2TQ==

body-scroll-lock@4.0.0-beta.0:
  version "4.0.0-beta.0"
  resolved "https://registry.yarnpkg.com/body-scroll-lock/-/body-scroll-lock-4.0.0-beta.0.tgz#4f78789d10e6388115c0460cd6d7d4dd2bbc4f7e"
  integrity sha512-a7tP5+0Mw3YlUJcGAKUqIBkYYGlYxk2fnCasq/FUph1hadxlTRjF+gAcZksxANnaMnALjxEddmSi/H3OR8ugcQ==

csstype@^2.6.8:
  version "2.6.21"
  resolved "https://registry.yarnpkg.com/csstype/-/csstype-2.6.21.tgz#2efb85b7cc55c80017c66a5ad7cbd931fda3a90e"
  integrity sha512-Z1PhmomIfypOpoMjRQB70jfvy/wxT50qW08YXO5lMIJkrdq4yOTR+AW7FqutScmB9NkLwxo+jU+kZLbofZZq/w==

csstype@^3.1.1:
  version "3.1.2"
  resolved "https://registry.yarnpkg.com/csstype/-/csstype-3.1.2.tgz#1d4bf9d572f11c14031f0436e1c10bc1f571f50b"
  integrity sha512-I7K1Uu0MBPzaFKg4nI5Q7Vs2t+3gWWW648spaF+Rg7pI9ds18Ugn+lvg4SHczUdKlHI5LWBXyqfS8+DufyBsgQ==

esbuild@^0.18.10:
  version "0.18.20"
  resolved "https://registry.yarnpkg.com/esbuild/-/esbuild-0.18.20.tgz#4709f5a34801b43b799ab7d6d82f7284a9b7a7a6"
  integrity sha512-ceqxoedUrcayh7Y7ZX6NdbbDzGROiyVBgC4PriJThBKSVPWnnFHZAkfI1lJT8QFkOwH4qOS2SJkS4wvpGl8BpA==
  optionalDependencies:
    "@esbuild/android-arm" "0.18.20"
    "@esbuild/android-arm64" "0.18.20"
    "@esbuild/android-x64" "0.18.20"
    "@esbuild/darwin-arm64" "0.18.20"
    "@esbuild/darwin-x64" "0.18.20"
    "@esbuild/freebsd-arm64" "0.18.20"
    "@esbuild/freebsd-x64" "0.18.20"
    "@esbuild/linux-arm" "0.18.20"
    "@esbuild/linux-arm64" "0.18.20"
    "@esbuild/linux-ia32" "0.18.20"
    "@esbuild/linux-loong64" "0.18.20"
    "@esbuild/linux-mips64el" "0.18.20"
    "@esbuild/linux-ppc64" "0.18.20"
    "@esbuild/linux-riscv64" "0.18.20"
    "@esbuild/linux-s390x" "0.18.20"
    "@esbuild/linux-x64" "0.18.20"
    "@esbuild/netbsd-x64" "0.18.20"
    "@esbuild/openbsd-x64" "0.18.20"
    "@esbuild/sunos-x64" "0.18.20"
    "@esbuild/win32-arm64" "0.18.20"
    "@esbuild/win32-ia32" "0.18.20"
    "@esbuild/win32-x64" "0.18.20"

estree-walker@^2.0.2:
  version "2.0.2"
  resolved "https://registry.yarnpkg.com/estree-walker/-/estree-walker-2.0.2.tgz#52f010178c2a4c117a7757cfe942adb7d2da4cac"
  integrity sha512-Rfkk/Mp/DL7JVje3u18FxFujQlTNR2q6QfMSMB7AvCBx91NGj/ba3kCfza0f6dVDbw7YlRf/nDrn7pQrCCyQ/w==

focus-trap@^7.4.3:
  version "7.4.3"
  resolved "https://registry.yarnpkg.com/focus-trap/-/focus-trap-7.4.3.tgz#a3dae73d44df359eb92bbf37b18e173e813b16c5"
  integrity sha512-BgSSbK4GPnS2VbtZ50VtOv1Sti6DIkj3+LkVjiWMNjLeAp1SH1UlLx3ULu/DCu4vq5R4/uvTm+zrvsMsuYmGLg==
  dependencies:
    tabbable "^6.1.2"

fsevents@~2.3.2:
  version "2.3.2"
  resolved "https://registry.yarnpkg.com/fsevents/-/fsevents-2.3.2.tgz#8a526f78b8fdf4623b709e0b975c52c24c02fd1a"
  integrity sha512-xiqMQR4xAeHTuB9uWm+fFRcIOgKBMiOBP+eXiyT7jsgVCq1bkVygt00oASowB7EdtpOHaaPgKt812P9ab+DDKA==

jsonc-parser@^3.2.0:
  version "3.2.0"
  resolved "https://registry.yarnpkg.com/jsonc-parser/-/jsonc-parser-3.2.0.tgz#31ff3f4c2b9793f89c67212627c51c6394f88e76"
  integrity sha512-gfFQZrcTc8CnKXp6Y4/CBT3fTc0OVuDofpre4aEeEpSBPV5X5v4+Vmx+8snU7RLPrNHPKSgLxGo9YuQzz20o+w==

magic-string@^0.25.7:
  version "0.25.9"
  resolved "https://registry.yarnpkg.com/magic-string/-/magic-string-0.25.9.tgz#de7f9faf91ef8a1c91d02c2e5314c8277dbcdd1c"
  integrity sha512-RmF0AsMzgt25qzqqLc1+MbHmhdx0ojF2Fvs4XnOqz2ZOBXzzkEwc/dJQZCYHAn7v1jbVOjAZfK8msRn4BxO4VQ==
  dependencies:
    sourcemap-codec "^1.4.8"

magic-string@^0.30.0:
  version "0.30.0"
  resolved "https://registry.yarnpkg.com/magic-string/-/magic-string-0.30.0.tgz#fd58a4748c5c4547338a424e90fa5dd17f4de529"
  integrity sha512-LA+31JYDJLs82r2ScLrlz1GjSgu66ZV518eyWT+S8VhyQn/JL0u9MeBOvQMGYiPk1DBiSN9DDMOcXvigJZaViQ==
  dependencies:
    "@jridgewell/sourcemap-codec" "^1.4.13"

mark.js@8.11.1:
  version "8.11.1"
  resolved "https://registry.yarnpkg.com/mark.js/-/mark.js-8.11.1.tgz#180f1f9ebef8b0e638e4166ad52db879beb2ffc5"
  integrity sha512-1I+1qpDt4idfgLQG+BNWmrqku+7/2bi5nLf4YwF8y8zXvmfiTBY3PV3ZibfrjBueCByROpuBjLLFCajqkgYoLQ==

minisearch@^6.1.0:
  version "6.1.0"
  resolved "https://registry.yarnpkg.com/minisearch/-/minisearch-6.1.0.tgz#6e74e743dbd0e88fa5ca52fef2391e0aa7055252"
  integrity sha512-PNxA/X8pWk+TiqPbsoIYH0GQ5Di7m6326/lwU/S4mlo4wGQddIcf/V//1f9TB0V4j59b57b+HZxt8h3iMROGvg==

nanoid@^3.3.6:
  version "3.3.6"
  resolved "https://registry.yarnpkg.com/nanoid/-/nanoid-3.3.6.tgz#443380c856d6e9f9824267d960b4236ad583ea4c"
  integrity sha512-BGcqMMJuToF7i1rt+2PWSNVnWIkGCU78jBG3RxO/bZlnZPK2Cmi2QaffxGO/2RvWi9sL+FAiRiXMgsyxQ1DIDA==

nanoid@^3.3.7:
  version "3.3.7"
  resolved "https://registry.yarnpkg.com/nanoid/-/nanoid-3.3.7.tgz#d0c301a691bc8d54efa0a2226ccf3fe2fd656bd8"
  integrity sha512-eSRppjcPIatRIMC1U6UngP8XFcz8MQWGQdt1MTBQ7NaAmvXDfvNxbvWV3x2y6CdEUciCSsDHDQZbhYaB8QEo2g==

picocolors@^1.0.0:
  version "1.0.0"
  resolved "https://registry.yarnpkg.com/picocolors/-/picocolors-1.0.0.tgz#cb5bdc74ff3f51892236eaf79d68bc44564ab81c"
  integrity sha512-1fygroTLlHu66zi26VoTDv8yRgm0Fccecssto+MhsZ0D/DGW2sm8E8AjW7NU5VVTRt5GxbeZ5qBuJr+HyLYkjQ==

postcss@^8.1.10:
  version "8.4.31"
  resolved "https://registry.yarnpkg.com/postcss/-/postcss-8.4.31.tgz#92b451050a9f914da6755af352bdc0192508656d"
  integrity sha512-PS08Iboia9mts/2ygV3eLpY5ghnUcfLV/EXTOW1E2qYxJKGGBUtNjN76FYHnMs36RmARn41bC0AZmn+rR0OVpQ==
  dependencies:
    nanoid "^3.3.6"
    picocolors "^1.0.0"
    source-map-js "^1.0.2"

postcss@^8.4.27:
  version "8.4.33"
  resolved "https://registry.yarnpkg.com/postcss/-/postcss-8.4.33.tgz#1378e859c9f69bf6f638b990a0212f43e2aaa742"
  integrity sha512-Kkpbhhdjw2qQs2O2DGX+8m5OVqEcbB9HRBvuYM9pgrjEFUg30A9LmXNlTAUj4S9kgtGyrMbTzVjH7E+s5Re2yg==
  dependencies:
    nanoid "^3.3.7"
    picocolors "^1.0.0"
    source-map-js "^1.0.2"

preact@^10.0.0:
  version "10.11.0"
  resolved "https://registry.yarnpkg.com/preact/-/preact-10.11.0.tgz#26af45a0613f4e17a197cc39d7a1ea23e09b2532"
  integrity sha512-Fk6+vB2kb6mSJfDgODq0YDhMfl0HNtK5+Uc9QqECO4nlyPAQwCI+BKyWO//idA7ikV7o+0Fm6LQmNuQi1wXI1w==

prettier@^2.4.1:
  version "2.6.1"
  resolved "https://registry.yarnpkg.com/prettier/-/prettier-2.6.1.tgz#d472797e0d7461605c1609808e27b80c0f9cfe17"
  integrity sha512-8UVbTBYGwN37Bs9LERmxCPjdvPxlEowx2urIL6urHzdb3SDq4B/Z6xLFCblrSnE4iKWcS6ziJ3aOYrc1kz/E2A==

rollup@^3.27.1:
  version "3.29.4"
  resolved "https://registry.yarnpkg.com/rollup/-/rollup-3.29.4.tgz#4d70c0f9834146df8705bfb69a9a19c9e1109981"
  integrity sha512-oWzmBZwvYrU0iJHtDmhsm662rC15FRXmcjCk1xD771dFDx5jJ02ufAQQTn0etB2emNk4J9EZg/yWKpsn9BWGRw==
  optionalDependencies:
    fsevents "~2.3.2"

shiki@^0.14.2:
  version "0.14.2"
  resolved "https://registry.yarnpkg.com/shiki/-/shiki-0.14.2.tgz#d51440800b701392b31ce2336036058e338247a1"
  integrity sha512-ltSZlSLOuSY0M0Y75KA+ieRaZ0Trf5Wl3gutE7jzLuIcWxLp5i/uEnLoQWNvgKXQ5OMpGkJnVMRLAuzjc0LJ2A==
  dependencies:
    ansi-sequence-parser "^1.1.0"
    jsonc-parser "^3.2.0"
    vscode-oniguruma "^1.7.0"
    vscode-textmate "^8.0.0"

source-map-js@^1.0.2:
  version "1.0.2"
  resolved "https://registry.yarnpkg.com/source-map-js/-/source-map-js-1.0.2.tgz#adbc361d9c62df380125e7f161f71c826f1e490c"
  integrity sha512-R0XvVJ9WusLiqTCEiGCmICCMplcCkIwwR11mOSD9CR5u+IXYdiseeEuXCVAjS54zqwkLcPNnmU4OeJ6tUrWhDw==

source-map@^0.6.1:
  version "0.6.1"
  resolved "https://registry.yarnpkg.com/source-map/-/source-map-0.6.1.tgz#74722af32e9614e9c287a8d0bbde48b5e2f1a263"
  integrity sha512-UjgapumWlbMhkBgzT7Ykc5YXUT46F0iKu8SGXq0bcwP5dz/h0Plj6enJqjz1Zbq2l5WaqYnrVbwWOWMyF3F47g==

sourcemap-codec@^1.4.8:
  version "1.4.8"
  resolved "https://registry.yarnpkg.com/sourcemap-codec/-/sourcemap-codec-1.4.8.tgz#ea804bd94857402e6992d05a38ef1ae35a9ab4c4"
  integrity sha512-9NykojV5Uih4lgo5So5dtw+f0JgJX30KCNI8gwhz2J9A15wD0Ml6tjHKwf6fTSa6fAdVBdZeNOs9eJ71qCk8vA==

tabbable@^6.1.2:
  version "6.1.2"
  resolved "https://registry.yarnpkg.com/tabbable/-/tabbable-6.1.2.tgz#b0d3ca81d582d48a80f71b267d1434b1469a3703"
  integrity sha512-qCN98uP7i9z0fIS4amQ5zbGBOq+OSigYeGvPy7NDk8Y9yncqDZ9pRPgfsc2PJIVM9RrJj7GIfuRgmjoUU9zTHQ==

vite@^4.3.9:
  version "4.5.3"
  resolved "https://registry.yarnpkg.com/vite/-/vite-4.5.3.tgz#d88a4529ea58bae97294c7e2e6f0eab39a50fb1a"
  integrity sha512-kQL23kMeX92v3ph7IauVkXkikdDRsYMGTVl5KY2E9OY4ONLvkHf04MDTbnfo6NKxZiDLWzVpP5oTa8hQD8U3dg==
  dependencies:
    esbuild "^0.18.10"
    postcss "^8.4.27"
    rollup "^3.27.1"
  optionalDependencies:
    fsevents "~2.3.2"

vitepress@^1.0.0-beta.2:
  version "1.0.0-beta.2"
  resolved "https://registry.yarnpkg.com/vitepress/-/vitepress-1.0.0-beta.2.tgz#b277b8d539c5697db274c0f98172809f9516a9bf"
  integrity sha512-DBXYjtYbm3W1IPPJ2TiCaK/XK+o/2XmL2+jslOGKm+txcbmG0kbeB+vadC5tCUZA9NdA+9Ywj3M4548c7t/SDg==
  dependencies:
    "@docsearch/css" "^3.5.0"
    "@docsearch/js" "^3.5.0"
    "@vitejs/plugin-vue" "^4.2.3"
    "@vue/devtools-api" "^6.5.0"
    "@vueuse/core" "^10.1.2"
    "@vueuse/integrations" "^10.1.2"
    body-scroll-lock "4.0.0-beta.0"
    focus-trap "^7.4.3"
    mark.js "8.11.1"
    minisearch "^6.1.0"
    shiki "^0.14.2"
    vite "^4.3.9"
    vue "^3.3.4"

vscode-oniguruma@^1.7.0:
  version "1.7.0"
  resolved "https://registry.yarnpkg.com/vscode-oniguruma/-/vscode-oniguruma-1.7.0.tgz#439bfad8fe71abd7798338d1cd3dc53a8beea94b"
  integrity sha512-L9WMGRfrjOhgHSdOYgCt/yRMsXzLDJSL7BPrOZt73gU0iWO4mpqzqQzOz5srxqTvMBaR0XZTSrVWo4j55Rc6cA==

vscode-textmate@^8.0.0:
  version "8.0.0"
  resolved "https://registry.yarnpkg.com/vscode-textmate/-/vscode-textmate-8.0.0.tgz#2c7a3b1163ef0441097e0b5d6389cd5504b59e5d"
  integrity sha512-AFbieoL7a5LMqcnOF04ji+rpXadgOXnZsxQr//r83kLPr7biP7am3g9zbaZIaBGwBRWeSvoMD4mgPdX3e4NWBg==

vue-demi@>=0.14.0:
  version "0.14.5"
  resolved "https://registry.yarnpkg.com/vue-demi/-/vue-demi-0.14.5.tgz#676d0463d1a1266d5ab5cba932e043d8f5f2fbd9"
  integrity sha512-o9NUVpl/YlsGJ7t+xuqJKx8EBGf1quRhCiT6D/J0pfwmk9zUwYkC7yrF4SZCe6fETvSM3UNL2edcbYrSyc4QHA==

vue@^3.2.40:
  version "3.2.40"
  resolved "https://registry.yarnpkg.com/vue/-/vue-3.2.40.tgz#23f387f6f9b3a0767938db6751e4fb5900f0ee34"
  integrity sha512-1mGHulzUbl2Nk3pfvI5aXYYyJUs1nm4kyvuz38u4xlQkLUn1i2R7nDbI4TufECmY8v1qNBHYy62bCaM+3cHP2A==
  dependencies:
    "@vue/compiler-dom" "3.2.40"
    "@vue/compiler-sfc" "3.2.40"
    "@vue/runtime-dom" "3.2.40"
    "@vue/server-renderer" "3.2.40"
    "@vue/shared" "3.2.40"

vue@^3.3.4:
  version "3.3.4"
  resolved "https://registry.yarnpkg.com/vue/-/vue-3.3.4.tgz#8ed945d3873667df1d0fcf3b2463ada028f88bd6"
  integrity sha512-VTyEYn3yvIeY1Py0WaYGZsXnz3y5UnGi62GjVEqvEGPl6nxbOrCXbVOTQWBEJUqAyTUk2uJ5JLVnYJ6ZzGbrSw==
  dependencies:
    "@vue/compiler-dom" "3.3.4"
    "@vue/compiler-sfc" "3.3.4"
    "@vue/runtime-dom" "3.3.4"
    "@vue/server-renderer" "3.3.4"
    "@vue/shared" "3.3.4"
